<?xml version="1.0" encoding="utf-8"?>
<Project ToolsVersion="4.0" xmlns="http://schemas.microsoft.com/developer/msbuild/2003">
  <ItemGroup>
    <FxCompile Include="Resources\Shaders\BasicPS.hlsl">
      <Filter>Shader\3d</Filter>
    </FxCompile>
    <FxCompile Include="Resources\Shaders\FBXPS.hlsl">
      <Filter>Shader\3d</Filter>
    </FxCompile>
    <FxCompile Include="Resources\Shaders\BasicVS.hlsl">
      <Filter>Shader\3d</Filter>
    </FxCompile>
    <FxCompile Include="Resources\Shaders\FBXVS.hlsl">
      <Filter>Shader\3d</Filter>
    </FxCompile>
    <FxCompile Include="Resources\Shaders\GaussianPS.hlsl">
      <Filter>Shader\2d</Filter>
    </FxCompile>
    <FxCompile Include="Resources\Shaders\GaussianVS.hlsl">
      <Filter>Shader\2d</Filter>
    </FxCompile>
    <FxCompile Include="Resources\Shaders\NewToneMapPS.hlsl">
      <Filter>Shader\2d</Filter>
    </FxCompile>
    <FxCompile Include="Resources\Shaders\OBJPixelShader.hlsl">
      <Filter>Shader\2d</Filter>
    </FxCompile>
    <FxCompile Include="Resources\Shaders\OBJVertexShader.hlsl">
      <Filter>Shader\2d</Filter>
    </FxCompile>
    <FxCompile Include="Resources\Shaders\ParticleGS.hlsl">
      <Filter>Shader\2d</Filter>
    </FxCompile>
    <FxCompile Include="Resources\Shaders\ParticlePS.hlsl">
      <Filter>Shader\2d</Filter>
    </FxCompile>
    <FxCompile Include="Resources\Shaders\ParticleVS.hlsl">
      <Filter>Shader\2d</Filter>
    </FxCompile>
    <FxCompile Include="Resources\Shaders\PostEffectTestPS.hlsl">
      <Filter>Shader\2d</Filter>
    </FxCompile>
    <FxCompile Include="Resources\Shaders\PostEffectTestVS.hlsl">
      <Filter>Shader\2d</Filter>
    </FxCompile>
    <FxCompile Include="Resources\Shaders\SpritePS.hlsl">
      <Filter>Shader\2d</Filter>
    </FxCompile>
    <FxCompile Include="Resources\Shaders\SpriteVS.hlsl">
      <Filter>Shader\2d</Filter>
    </FxCompile>
    <FxCompile Include="Resources\Shaders\ShadowMapPS.hlsl">
      <Filter>Shader\2d</Filter>
    </FxCompile>
    <FxCompile Include="Resources\Shaders\ShadowMapVS.hlsl">
      <Filter>Shader\2d</Filter>
    </FxCompile>
    <FxCompile Include="Resources\Shaders\SepiaPS.hlsl">
      <Filter>Shader\2d</Filter>
    </FxCompile>
  </ItemGroup>
  <ItemGroup>
    <ClCompile Include="SourceCode\engine\audio\Audio.cpp">
      <Filter>engine\audio</Filter>
    </ClCompile>
    <ClCompile Include="SourceCode\engine\camera\DebugCamera.cpp">
      <Filter>engine\camera</Filter>
    </ClCompile>
    <ClCompile Include="SourceCode\engine\camera\Camera.cpp">
      <Filter>engine\camera</Filter>
    </ClCompile>
    <ClCompile Include="SourceCode\engine\2d\Feed.cpp">
      <Filter>engine\2d</Filter>
    </ClCompile>
    <ClCompile Include="SourceCode\engine\2d\ImageManager.cpp">
      <Filter>engine\2d\Manager</Filter>
    </ClCompile>
    <ClCompile Include="SourceCode\engine\3d\IKEObject3d.cpp">
      <Filter>engine\3d\Obj</Filter>
    </ClCompile>
    <ClCompile Include="SourceCode\engine\3d\IKEModel.cpp">
      <Filter>engine\3d\Obj</Filter>
    </ClCompile>
    <ClCompile Include="SourceCode\engine\3d\IKEMesh.cpp">
      <Filter>engine\3d\Obj</Filter>
    </ClCompile>
    <ClCompile Include="SourceCode\engine\3d\IKEMaterial.cpp">
      <Filter>engine\3d\Obj</Filter>
    </ClCompile>
    <ClCompile Include="SourceCode\engine\3d\IKEFbxLoader.cpp">
      <Filter>engine\3d\Fbx</Filter>
    </ClCompile>
    <ClCompile Include="SourceCode\engine\3d\IKEFBXModel.cpp">
      <Filter>engine\3d\Fbx</Filter>
    </ClCompile>
    <ClCompile Include="SourceCode\engine\3d\IKEFBXObject3d.cpp">
      <Filter>engine\3d\Fbx</Filter>
    </ClCompile>
    <ClCompile Include="SourceCode\engine\3d\ModelManager.cpp">
      <Filter>engine\3d\Manager</Filter>
    </ClCompile>
    <ClCompile Include="SourceCode\engine\3d\ObjCommon.cpp">
      <Filter>engine\3d\Base</Filter>
    </ClCompile>
    <ClCompile Include="SourceCode\engine\audio\VolumManager.cpp">
      <Filter>engine\audio</Filter>
    </ClCompile>
    <ClCompile Include="SourceCode\engine\camera\ShadowCamera.cpp">
      <Filter>engine\camera</Filter>
    </ClCompile>
    <ClCompile Include="SourceCode\engine\ease\Easing.cpp">
      <Filter>engine\ease</Filter>
    </ClCompile>
    <ClCompile Include="SourceCode\engine\collision\BaseCollider.cpp">
      <Filter>engine\collision</Filter>
    </ClCompile>
    <ClCompile Include="SourceCode\engine\collision\Collision.cpp">
      <Filter>engine\collision</Filter>
    </ClCompile>
    <ClCompile Include="SourceCode\engine\collision\CollisionInfo.cpp">
      <Filter>engine\collision</Filter>
    </ClCompile>
    <ClCompile Include="SourceCode\engine\collision\CollisionManager.cpp">
      <Filter>engine\collision</Filter>
    </ClCompile>
    <ClCompile Include="SourceCode\engine\collision\CollisionPrimitive.cpp">
      <Filter>engine\collision</Filter>
    </ClCompile>
    <ClCompile Include="SourceCode\engine\collision\CollisionTypes.cpp">
      <Filter>engine\collision</Filter>
    </ClCompile>
    <ClCompile Include="SourceCode\engine\collision\MeshCollider.cpp">
      <Filter>engine\collision</Filter>
    </ClCompile>
    <ClCompile Include="SourceCode\engine\collision\SphereCollider.cpp">
      <Filter>engine\collision</Filter>
    </ClCompile>
    <ClCompile Include="SourceCode\engine\collision\TouchableObject.cpp">
      <Filter>engine\collision</Filter>
    </ClCompile>
    <ClCompile Include="SourceCode\engine\enginebase\AbstractSceneFactory.cpp">
      <Filter>engine\enginebase</Filter>
    </ClCompile>
    <ClCompile Include="SourceCode\engine\enginebase\CsvLoader.cpp">
      <Filter>engine\enginebase</Filter>
    </ClCompile>
    <ClCompile Include="SourceCode\engine\enginebase\DirectXCommon.cpp">
      <Filter>engine\enginebase</Filter>
    </ClCompile>
    <ClCompile Include="SourceCode\engine\enginebase\JsonLoader.cpp">
      <Filter>engine\enginebase</Filter>
    </ClCompile>
    <ClCompile Include="SourceCode\engine\enginebase\main.cpp">
      <Filter>engine\enginebase</Filter>
    </ClCompile>
    <ClCompile Include="SourceCode\engine\enginebase\OpenBrowser.cpp">
      <Filter>engine\enginebase</Filter>
    </ClCompile>
    <ClCompile Include="SourceCode\engine\enginebase\SceneFactory.cpp">
      <Filter>engine\enginebase</Filter>
    </ClCompile>
    <ClCompile Include="SourceCode\engine\enginebase\WinApp.cpp">
      <Filter>engine\enginebase</Filter>
    </ClCompile>
    <ClCompile Include="SourceCode\engine\enginebase\XorShift.cpp">
      <Filter>engine\enginebase</Filter>
    </ClCompile>
    <ClCompile Include="SourceCode\engine\FpsManager\FPSManager.cpp">
      <Filter>engine\FpsManager</Filter>
    </ClCompile>
    <ClCompile Include="SourceCode\engine\helper\Helper.cpp">
      <Filter>engine\helper</Filter>
    </ClCompile>
    <ClCompile Include="SourceCode\engine\helper\Spline.cpp">
      <Filter>engine\helper</Filter>
    </ClCompile>
    <ClCompile Include="SourceCode\engine\input\Input.cpp">
      <Filter>engine\input</Filter>
    </ClCompile>
    <ClCompile Include="SourceCode\engine\light\LightGroup.cpp">
      <Filter>engine\light</Filter>
    </ClCompile>
    <ClCompile Include="SourceCode\engine\light\PointLight.cpp">
      <Filter>engine\light</Filter>
    </ClCompile>
    <ClCompile Include="SourceCode\engine\light\SpotLight.cpp">
      <Filter>engine\light</Filter>
    </ClCompile>
    <ClCompile Include="SourceCode\engine\math\Vector3.cpp">
      <Filter>engine\math</Filter>
    </ClCompile>
    <ClCompile Include="SourceCode\engine\math\Quaternion.cpp">
      <Filter>engine\math</Filter>
    </ClCompile>
    <ClCompile Include="SourceCode\engine\math\Matrix4.cpp">
      <Filter>engine\math</Filter>
    </ClCompile>
    <ClCompile Include="SourceCode\engine\shake\Shake.cpp">
      <Filter>engine\shake</Filter>
    </ClCompile>
    <ClCompile Include="SourceCode\gamesystem\actor\BaseActor.cpp">
      <Filter>gamesystem\actor\base</Filter>
    </ClCompile>
    <ClCompile Include="SourceCode\gamesystem\actor\ClearSceneActor.cpp">
      <Filter>gamesystem\actor\Clear</Filter>
    </ClCompile>
    <ClCompile Include="SourceCode\gamesystem\actor\EditorSceneActor.cpp">
      <Filter>gamesystem\actor\Editor</Filter>
    </ClCompile>
    <ClCompile Include="SourceCode\gamesystem\actor\FirstStageActor.cpp">
      <Filter>gamesystem\actor\First</Filter>
    </ClCompile>
    <ClCompile Include="SourceCode\gamesystem\actor\GameOverSceneActor.cpp">
      <Filter>gamesystem\actor\GameOver</Filter>
    </ClCompile>
    <ClCompile Include="SourceCode\gamesystem\actor\LoadSceneActor.cpp">
      <Filter>gamesystem\actor\Load</Filter>
    </ClCompile>
    <ClCompile Include="SourceCode\gamesystem\actor\TitleSceneActor.cpp">
      <Filter>gamesystem\actor\Title</Filter>
    </ClCompile>
    <ClCompile Include="SourceCode\gamesystem\actor\TutorialSceneActor.cpp">
      <Filter>gamesystem\actor\Tutorial</Filter>
    </ClCompile>
    <ClCompile Include="SourceCode\gamesystem\character\InterEnemy.cpp">
      <Filter>gamesystem\charactor\Enemy\Base</Filter>
    </ClCompile>
    <ClCompile Include="SourceCode\gamesystem\character\InterBoss.cpp">
      <Filter>gamesystem\charactor\Boss\Base</Filter>
    </ClCompile>
    <ClCompile Include="SourceCode\gamesystem\character\Player.cpp">
      <Filter>gamesystem\charactor\Player</Filter>
    </ClCompile>
    <ClCompile Include="SourceCode\gamesystem\ParticleManager\ParticleManager.cpp">
      <Filter>gamesystem\particle</Filter>
    </ClCompile>
    <ClCompile Include="SourceCode\gamesystem\ParticleManager\ParticleEmitter.cpp">
      <Filter>gamesystem\particle</Filter>
    </ClCompile>
    <ClCompile Include="SourceCode\gamesystem\scene\EditorScene.cpp">
      <Filter>gamesystem\scene</Filter>
    </ClCompile>
    <ClCompile Include="SourceCode\gamesystem\scene\ClearScene.cpp">
      <Filter>gamesystem\scene\Clear</Filter>
    </ClCompile>
    <ClCompile Include="SourceCode\gamesystem\scene\FirstStage.cpp">
      <Filter>gamesystem\scene\Play\First</Filter>
    </ClCompile>
    <ClCompile Include="SourceCode\gamesystem\scene\LoadScene.cpp">
      <Filter>gamesystem\scene\Load</Filter>
    </ClCompile>
    <ClCompile Include="SourceCode\gamesystem\scene\GameoverScene.cpp">
      <Filter>gamesystem\scene\GameOver</Filter>
    </ClCompile>
    <ClCompile Include="SourceCode\gamesystem\scene\BaseScene.cpp">
      <Filter>gamesystem\scene\Base</Filter>
    </ClCompile>
    <ClCompile Include="SourceCode\gamesystem\scene\TutorialScene.cpp">
      <Filter>gamesystem\scene\Tutorial</Filter>
    </ClCompile>
    <ClCompile Include="SourceCode\gamesystem\scene\Framework.cpp">
      <Filter>gamesystem\scene\Base\Framework</Filter>
    </ClCompile>
    <ClCompile Include="SourceCode\gamesystem\scene\IkeGame.cpp">
      <Filter>gamesystem\scene\Base</Filter>
    </ClCompile>
    <ClCompile Include="SourceCode\gamesystem\scene\SceneManager.cpp">
      <Filter>gamesystem\scene\Base</Filter>
    </ClCompile>
    <ClCompile Include="SourceCode\gamesystem\scene\SceneChanger.cpp">
      <Filter>gamesystem\scene\Base</Filter>
    </ClCompile>
    <ClCompile Include="SourceCode\gamesystem\scene\TitleScene.cpp">
      <Filter>gamesystem\scene\Base</Filter>
    </ClCompile>
    <ClCompile Include="SourceCode\engine\2d\DebugText.cpp">
      <Filter>engine\2d\Text</Filter>
    </ClCompile>
    <ClCompile Include="SourceCode\engine\2d\Font.cpp">
      <Filter>engine\2d\Text</Filter>
    </ClCompile>
    <ClCompile Include="SourceCode\engine\2d\IKESprite.cpp">
      <Filter>engine\2d\Sprite</Filter>
    </ClCompile>
    <ClCompile Include="SourceCode\engine\2d\PostEffect.cpp">
      <Filter>engine\2d\PostEffect</Filter>
    </ClCompile>
    <ClCompile Include="SourceCode\engine\2d\IKETexture.cpp">
      <Filter>engine\2d\Texture</Filter>
    </ClCompile>
    <ClCompile Include="SourceCode\engine\2d\ShadowMap.cpp">
      <Filter>engine\2d\PostEffect</Filter>
    </ClCompile>
    <ClCompile Include="SourceCode\gamesystem\gamecamera\CameraWork.cpp">
      <Filter>gamesystem\gamecamera</Filter>
    </ClCompile>
    <ClCompile Include="SourceCode\gamesystem\text\Text.cpp">
      <Filter>gamesystem\Text</Filter>
    </ClCompile>
    <ClCompile Include="SourceCode\gamesystem\text\TextManager.cpp">
      <Filter>gamesystem\Text</Filter>
    </ClCompile>
    <ClCompile Include="SourceCode\gamesystem\scene\SceneSave.cpp">
      <Filter>gamesystem\scene\Base</Filter>
    </ClCompile>
    <ClCompile Include="SourceCode\engine\audio\AudioManager.cpp">
      <Filter>engine\audio</Filter>
    </ClCompile>
    <ClCompile Include="SourceCode\gamesystem\actor\EndRollActor.cpp">
      <Filter>gamesystem\actor\EndRoll</Filter>
    </ClCompile>
    <ClCompile Include="SourceCode\gamesystem\scene\EndRollScene.cpp">
      <Filter>gamesystem\scene\EndRoll</Filter>
    </ClCompile>
    <ClCompile Include="SourceCode\gamesystem\MessageWindow\MessageWindow.cpp">
      <Filter>gamesystem\Text</Filter>
    </ClCompile>
    <ClCompile Include="SourceCode\gamesystem\scenetext\TitleText.cpp">
      <Filter>gamesystem\scenetext\Title</Filter>
    </ClCompile>
    <ClCompile Include="SourceCode\gamesystem\character\NormalEnemy.cpp">
      <Filter>gamesystem\charactor\Enemy\Other</Filter>
    </ClCompile>
  </ItemGroup>
  <ItemGroup>
    <ClInclude Include="SourceCode\engine\camera\DebugCamera.h">
      <Filter>engine\camera</Filter>
    </ClInclude>
    <ClInclude Include="SourceCode\engine\camera\Camera.h">
      <Filter>engine\camera</Filter>
    </ClInclude>
    <ClInclude Include="SourceCode\engine\audio\Audio.h">
      <Filter>engine\audio</Filter>
    </ClInclude>
    <ClInclude Include="SourceCode\engine\2d\Feed.h">
      <Filter>engine\2d</Filter>
    </ClInclude>
    <ClInclude Include="SourceCode\engine\2d\ImageManager.h">
      <Filter>engine\2d\Manager</Filter>
    </ClInclude>
    <ClInclude Include="SourceCode\engine\3d\IKEObject3d.h">
      <Filter>engine\3d\Obj</Filter>
    </ClInclude>
    <ClInclude Include="SourceCode\engine\3d\IKEModel.h">
      <Filter>engine\3d\Obj</Filter>
    </ClInclude>
    <ClInclude Include="SourceCode\engine\3d\IKEMesh.h">
      <Filter>engine\3d\Obj</Filter>
    </ClInclude>
    <ClInclude Include="SourceCode\engine\3d\IKEMaterial.h">
      <Filter>engine\3d\Obj</Filter>
    </ClInclude>
    <ClInclude Include="SourceCode\engine\3d\IKEFbxLoader.h">
      <Filter>engine\3d\Fbx</Filter>
    </ClInclude>
    <ClInclude Include="SourceCode\engine\3d\IKEFBXObject3d.h">
      <Filter>engine\3d\Fbx</Filter>
    </ClInclude>
    <ClInclude Include="SourceCode\engine\3d\IKEFBXModel.h">
      <Filter>engine\3d\Fbx</Filter>
    </ClInclude>
    <ClInclude Include="SourceCode\engine\3d\ModelManager.h">
      <Filter>engine\3d\Manager</Filter>
    </ClInclude>
    <ClInclude Include="SourceCode\engine\3d\ObjCommon.h">
      <Filter>engine\3d\Base</Filter>
    </ClInclude>
    <ClInclude Include="SourceCode\engine\audio\VolumManager.h">
      <Filter>engine\audio</Filter>
    </ClInclude>
    <ClInclude Include="SourceCode\engine\camera\ShadowCamera.h">
      <Filter>engine\camera</Filter>
    </ClInclude>
    <ClInclude Include="SourceCode\engine\ease\Easing.h">
      <Filter>engine\ease</Filter>
    </ClInclude>
    <ClInclude Include="SourceCode\engine\collision\BaseCollider.h">
      <Filter>engine\collision</Filter>
    </ClInclude>
    <ClInclude Include="SourceCode\engine\collision\BlockCollision.h">
      <Filter>engine\collision</Filter>
    </ClInclude>
    <ClInclude Include="SourceCode\engine\collision\Collision.h">
      <Filter>engine\collision</Filter>
    </ClInclude>
    <ClInclude Include="SourceCode\engine\collision\CollisionAttribute.h">
      <Filter>engine\collision</Filter>
    </ClInclude>
    <ClInclude Include="SourceCode\engine\collision\CollisionInfo.h">
      <Filter>engine\collision</Filter>
    </ClInclude>
    <ClInclude Include="SourceCode\engine\collision\CollisionManager.h">
      <Filter>engine\collision</Filter>
    </ClInclude>
    <ClInclude Include="SourceCode\engine\collision\CollisionPrimitive.h">
      <Filter>engine\collision</Filter>
    </ClInclude>
    <ClInclude Include="SourceCode\engine\collision\CollisionTypes.h">
      <Filter>engine\collision</Filter>
    </ClInclude>
    <ClInclude Include="SourceCode\engine\collision\MeshCollider.h">
      <Filter>engine\collision</Filter>
    </ClInclude>
    <ClInclude Include="SourceCode\engine\collision\QueryCallback.h">
      <Filter>engine\collision</Filter>
    </ClInclude>
    <ClInclude Include="SourceCode\engine\collision\RaycastHit.h">
      <Filter>engine\collision</Filter>
    </ClInclude>
    <ClInclude Include="SourceCode\engine\collision\SphereCollider.h">
      <Filter>engine\collision</Filter>
    </ClInclude>
    <ClInclude Include="SourceCode\engine\collision\TouchableObject.h">
      <Filter>engine\collision</Filter>
    </ClInclude>
    <ClInclude Include="SourceCode\engine\enginebase\AbstractSceneFactory.h">
      <Filter>engine\enginebase</Filter>
    </ClInclude>
    <ClInclude Include="SourceCode\engine\enginebase\CsvLoader.h">
      <Filter>engine\enginebase</Filter>
    </ClInclude>
    <ClInclude Include="SourceCode\engine\enginebase\DirectXCommon.h">
      <Filter>engine\enginebase</Filter>
    </ClInclude>
    <ClInclude Include="SourceCode\engine\enginebase\JsonLoader.h">
      <Filter>engine\enginebase</Filter>
    </ClInclude>
    <ClInclude Include="SourceCode\engine\enginebase\OpenBrowser.h">
      <Filter>engine\enginebase</Filter>
    </ClInclude>
    <ClInclude Include="SourceCode\engine\enginebase\SceneFactory.h">
      <Filter>engine\enginebase</Filter>
    </ClInclude>
    <ClInclude Include="SourceCode\engine\enginebase\WinApp.h">
      <Filter>engine\enginebase</Filter>
    </ClInclude>
    <ClInclude Include="SourceCode\engine\enginebase\XorShift.h">
      <Filter>engine\enginebase</Filter>
    </ClInclude>
    <ClInclude Include="SourceCode\engine\FpsManager\FPSManager.h">
      <Filter>engine\FpsManager</Filter>
    </ClInclude>
    <ClInclude Include="SourceCode\engine\helper\Helper.h">
      <Filter>engine\helper</Filter>
    </ClInclude>
    <ClInclude Include="SourceCode\engine\helper\Spline.h">
      <Filter>engine\helper</Filter>
    </ClInclude>
    <ClInclude Include="SourceCode\engine\helper\VariableCommon.h">
      <Filter>engine\helper</Filter>
    </ClInclude>
    <ClInclude Include="SourceCode\engine\input\Input.h">
      <Filter>engine\input</Filter>
    </ClInclude>
    <ClInclude Include="SourceCode\engine\light\CircleShadow.h">
      <Filter>engine\light</Filter>
    </ClInclude>
    <ClInclude Include="SourceCode\engine\light\DirectionalLight.h">
      <Filter>engine\light</Filter>
    </ClInclude>
    <ClInclude Include="SourceCode\engine\light\LightGroup.h">
      <Filter>engine\light</Filter>
    </ClInclude>
    <ClInclude Include="SourceCode\engine\light\PointLight.h">
      <Filter>engine\light</Filter>
    </ClInclude>
    <ClInclude Include="SourceCode\engine\light\SpotLight.h">
      <Filter>engine\light</Filter>
    </ClInclude>
    <ClInclude Include="SourceCode\engine\math\Vector3.h">
      <Filter>engine\math</Filter>
    </ClInclude>
    <ClInclude Include="SourceCode\engine\math\Quaternion.h">
      <Filter>engine\math</Filter>
    </ClInclude>
    <ClInclude Include="SourceCode\engine\math\Matrix4.h">
      <Filter>engine\math</Filter>
    </ClInclude>
    <ClInclude Include="SourceCode\engine\shake\Shake.h">
      <Filter>engine\shake</Filter>
    </ClInclude>
    <ClInclude Include="SourceCode\gamesystem\actor\BaseActor.h">
      <Filter>gamesystem\actor\base</Filter>
    </ClInclude>
    <ClInclude Include="SourceCode\gamesystem\actor\ClearSceneActor.h">
      <Filter>gamesystem\actor\Clear</Filter>
    </ClInclude>
    <ClInclude Include="SourceCode\gamesystem\actor\EditorSceneActor.h">
      <Filter>gamesystem\actor\Editor</Filter>
    </ClInclude>
    <ClInclude Include="SourceCode\gamesystem\actor\FirstStageActor.h">
      <Filter>gamesystem\actor\First</Filter>
    </ClInclude>
    <ClInclude Include="SourceCode\gamesystem\actor\LoadSceneActor.h">
      <Filter>gamesystem\actor\Load</Filter>
    </ClInclude>
    <ClInclude Include="SourceCode\gamesystem\actor\TitleSceneActor.h">
      <Filter>gamesystem\actor\Title</Filter>
    </ClInclude>
    <ClInclude Include="SourceCode\gamesystem\actor\TutorialSceneActor.h">
      <Filter>gamesystem\actor\Tutorial</Filter>
    </ClInclude>
    <ClInclude Include="SourceCode\gamesystem\character\InterEnemy.h">
      <Filter>gamesystem\charactor\Enemy\Base</Filter>
    </ClInclude>
    <ClInclude Include="SourceCode\gamesystem\character\InterBoss.h">
      <Filter>gamesystem\charactor\Boss\Base</Filter>
    </ClInclude>
    <ClInclude Include="SourceCode\gamesystem\character\Player.h">
      <Filter>gamesystem\charactor\Player</Filter>
    </ClInclude>
    <ClInclude Include="SourceCode\gamesystem\ParticleManager\ParticleManager.h">
      <Filter>gamesystem\particle</Filter>
    </ClInclude>
    <ClInclude Include="SourceCode\gamesystem\ParticleManager\ParticleEmitter.h">
      <Filter>gamesystem\particle</Filter>
    </ClInclude>
    <ClInclude Include="SourceCode\gamesystem\scene\EditorScene.h">
      <Filter>gamesystem\scene</Filter>
    </ClInclude>
    <ClInclude Include="SourceCode\gamesystem\scene\ClearScene.h">
      <Filter>gamesystem\scene\Clear</Filter>
    </ClInclude>
    <ClInclude Include="SourceCode\gamesystem\scene\FirstStage.h">
      <Filter>gamesystem\scene\Play\First</Filter>
    </ClInclude>
    <ClInclude Include="SourceCode\gamesystem\scene\LoadScene.h">
      <Filter>gamesystem\scene\Load</Filter>
    </ClInclude>
    <ClInclude Include="SourceCode\gamesystem\scene\BaseScene.h">
      <Filter>gamesystem\scene\Base</Filter>
    </ClInclude>
    <ClInclude Include="SourceCode\gamesystem\scene\TutorialScene.h">
      <Filter>gamesystem\scene\Tutorial</Filter>
    </ClInclude>
    <ClInclude Include="SourceCode\gamesystem\scene\Framework.h">
      <Filter>gamesystem\scene\Base\Framework</Filter>
    </ClInclude>
    <ClInclude Include="SourceCode\gamesystem\scene\IkeGame.h">
      <Filter>gamesystem\scene\Base</Filter>
    </ClInclude>
    <ClInclude Include="SourceCode\gamesystem\scene\SceneManager.h">
      <Filter>gamesystem\scene\Base</Filter>
    </ClInclude>
    <ClInclude Include="SourceCode\gamesystem\scene\SceneChanger.h">
      <Filter>gamesystem\scene\Base</Filter>
    </ClInclude>
    <ClInclude Include="SourceCode\gamesystem\scene\TitleScene.h">
      <Filter>gamesystem\scene\Base</Filter>
    </ClInclude>
    <ClInclude Include="SourceCode\engine\2d\DebugText.h">
      <Filter>engine\2d\Text</Filter>
    </ClInclude>
    <ClInclude Include="SourceCode\engine\2d\Font.h">
      <Filter>engine\2d\Text</Filter>
    </ClInclude>
    <ClInclude Include="SourceCode\engine\2d\IKESprite.h">
      <Filter>engine\2d\Sprite</Filter>
    </ClInclude>
    <ClInclude Include="SourceCode\engine\2d\PostEffect.h">
      <Filter>engine\2d\PostEffect</Filter>
    </ClInclude>
    <ClInclude Include="SourceCode\engine\2d\IKETexture.h">
      <Filter>engine\2d\Texture</Filter>
    </ClInclude>
    <ClInclude Include="SourceCode\engine\2d\ShadowMap.h">
      <Filter>engine\2d\PostEffect</Filter>
    </ClInclude>
    <ClInclude Include="SourceCode\gamesystem\actor\GameOverSceneActor.h" />
    <ClInclude Include="SourceCode\gamesystem\actor\GameOverSceneActor.h">
      <Filter>gamesystem\actor\GameOver</Filter>
    </ClInclude>
    <ClInclude Include="SourceCode\gamesystem\text\Text.h">
      <Filter>gamesystem\Text</Filter>
    </ClInclude>
    <ClInclude Include="SourceCode\gamesystem\text\TextManager.h">
      <Filter>gamesystem\Text</Filter>
    </ClInclude>
    <ClInclude Include="SourceCode\engine\enginebase\resource.h" />
    <ClInclude Include="SourceCode\gamesystem\scene\SceneSave.h">
      <Filter>gamesystem\scene\Base</Filter>
    </ClInclude>
    <ClInclude Include="SourceCode\gamesystem\gamecamera\CameraWork.h">
      <Filter>gamesystem\gamecamera</Filter>
    </ClInclude>
    <ClInclude Include="SourceCode\engine\audio\AudioManager.h">
      <Filter>engine\audio</Filter>
    </ClInclude>
    <ClInclude Include="SourceCode\gamesystem\scene\GameoverScene.h">
      <Filter>gamesystem\scene\GameOver</Filter>
    </ClInclude>
    <ClInclude Include="SourceCode\gamesystem\actor\EndRollActor.h">
      <Filter>gamesystem\actor\EndRoll</Filter>
    </ClInclude>
    <ClInclude Include="SourceCode\gamesystem\scene\EndRollScene.h">
      <Filter>gamesystem\scene\EndRoll</Filter>
    </ClInclude>
    <ClInclude Include="SourceCode\gamesystem\MessageWindow\MessageWindow.h">
      <Filter>gamesystem\Text</Filter>
    </ClInclude>
    <ClInclude Include="SourceCode\gamesystem\scenetext\TitleText.h">
      <Filter>gamesystem\scenetext\Title</Filter>
    </ClInclude>
    <ClInclude Include="SourceCode\gamesystem\character\NormalEnemy.h">
      <Filter>gamesystem\charactor\Enemy\Other</Filter>
    </ClInclude>
  </ItemGroup>
  <ItemGroup>
    <None Include="Resources\Shaders\Basic.hlsli">
      <Filter>Shader\3d</Filter>
    </None>
    <None Include="Resources\Shaders\FBX.hlsli">
      <Filter>Shader\3d</Filter>
    </None>
    <None Include="Resources\Shaders\Gaussian.hlsli">
      <Filter>Shader\2d</Filter>
    </None>
    <None Include="Resources\Shaders\OBJShaderHeaderhlsli.hlsli">
      <Filter>Shader\2d</Filter>
    </None>
    <None Include="Resources\Shaders\Particle.hlsli">
      <Filter>Shader\2d</Filter>
    </None>
    <None Include="Resources\Shaders\PostEffectTest.hlsli">
      <Filter>Shader\2d</Filter>
    </None>
    <None Include="Resources\Shaders\Sprite.hlsli">
      <Filter>Shader\2d</Filter>
    </None>
    <None Include="Resources\Shaders\ShadowMap.hlsli">
      <Filter>Shader\2d</Filter>
    </None>
  </ItemGroup>
  <ItemGroup>
    <Filter Include="engine">
      <UniqueIdentifier>{c595baaf-215f-4be4-8cc8-e7a484159d7f}</UniqueIdentifier>
    </Filter>
    <Filter Include="gamesystem">
      <UniqueIdentifier>{a30becb2-1c64-4032-87f4-51b0b07e46e3}</UniqueIdentifier>
    </Filter>
    <Filter Include="engine\2d">
      <UniqueIdentifier>{1a99d78d-334d-4946-bb45-62ba691dae55}</UniqueIdentifier>
    </Filter>
    <Filter Include="engine\audio">
      <UniqueIdentifier>{44c5493b-eb95-49fd-9fce-753d24ee2805}</UniqueIdentifier>
    </Filter>
    <Filter Include="engine\ease">
      <UniqueIdentifier>{af6afea7-95a3-425d-9015-95984fb78412}</UniqueIdentifier>
    </Filter>
    <Filter Include="engine\FpsManager">
      <UniqueIdentifier>{22194843-90b4-4ff5-9def-bcda5c28a65f}</UniqueIdentifier>
    </Filter>
    <Filter Include="engine\input">
      <UniqueIdentifier>{19cca861-d1eb-4040-a95d-057c896d0386}</UniqueIdentifier>
    </Filter>
    <Filter Include="engine\light">
      <UniqueIdentifier>{76489017-3b31-4950-b6cc-6667088935af}</UniqueIdentifier>
    </Filter>
    <Filter Include="engine\math">
      <UniqueIdentifier>{33c1e822-19b3-484c-9a48-a4bf028aa352}</UniqueIdentifier>
    </Filter>
    <Filter Include="engine\shake">
      <UniqueIdentifier>{b3d278d2-7180-4cab-a006-17d02618fa89}</UniqueIdentifier>
    </Filter>
    <Filter Include="engine\camera">
      <UniqueIdentifier>{eeb3fa30-a394-46b4-87a5-6aeb3bfc3c88}</UniqueIdentifier>
    </Filter>
    <Filter Include="engine\2d\Manager">
      <UniqueIdentifier>{41db2c0e-21f9-48c7-9902-97f2ebee9b09}</UniqueIdentifier>
    </Filter>
    <Filter Include="engine\3d">
      <UniqueIdentifier>{ede81084-21fe-421e-a41a-8924671850cc}</UniqueIdentifier>
    </Filter>
    <Filter Include="engine\3d\Fbx">
      <UniqueIdentifier>{d41c832f-941a-4159-a408-27f91b846542}</UniqueIdentifier>
    </Filter>
    <Filter Include="engine\3d\Obj">
      <UniqueIdentifier>{17fb0e8a-0d5b-4e26-93f3-65b32fc44c83}</UniqueIdentifier>
    </Filter>
    <Filter Include="engine\3d\Manager">
      <UniqueIdentifier>{5fa3098f-a3c1-4362-8d9a-e5454bf67630}</UniqueIdentifier>
    </Filter>
    <Filter Include="engine\3d\Base">
      <UniqueIdentifier>{43b02751-fca0-4e17-9da1-ac921e842196}</UniqueIdentifier>
    </Filter>
    <Filter Include="engine\collision">
      <UniqueIdentifier>{8c79944e-38c5-48c7-8515-80670b5e85dd}</UniqueIdentifier>
    </Filter>
    <Filter Include="engine\enginebase">
      <UniqueIdentifier>{f6f2eb9f-a148-4563-b42a-5927e61afa65}</UniqueIdentifier>
    </Filter>
    <Filter Include="engine\helper">
      <UniqueIdentifier>{31e76bf3-e3c6-4626-a245-2e7e6077980f}</UniqueIdentifier>
    </Filter>
    <Filter Include="gamesystem\gamecamera">
      <UniqueIdentifier>{9bcfd8c4-7851-4f0e-8ed7-252bdff4ce23}</UniqueIdentifier>
    </Filter>
    <Filter Include="gamesystem\particle">
      <UniqueIdentifier>{48e0eb1e-cc91-487d-b504-f2487da18d23}</UniqueIdentifier>
    </Filter>
    <Filter Include="gamesystem\actor">
      <UniqueIdentifier>{edde5480-c975-4eca-948f-fe2653c0f8ff}</UniqueIdentifier>
    </Filter>
    <Filter Include="gamesystem\actor\Title">
      <UniqueIdentifier>{5af2863b-3ba7-43d0-8af6-c80a4857c26d}</UniqueIdentifier>
    </Filter>
    <Filter Include="gamesystem\actor\First">
      <UniqueIdentifier>{fa61032d-4f4a-4a3c-9c38-04f689f943d7}</UniqueIdentifier>
    </Filter>
    <Filter Include="gamesystem\actor\Clear">
      <UniqueIdentifier>{efe2e365-d30a-4505-b5d5-528fde6317a8}</UniqueIdentifier>
    </Filter>
    <Filter Include="gamesystem\actor\GameOver">
      <UniqueIdentifier>{4344d989-a893-4320-acf7-b0d498cdda98}</UniqueIdentifier>
    </Filter>
    <Filter Include="gamesystem\actor\Load">
      <UniqueIdentifier>{b8e087c7-283d-4afa-8824-90271ef9c155}</UniqueIdentifier>
    </Filter>
    <Filter Include="gamesystem\actor\base">
      <UniqueIdentifier>{225f0f43-5504-4e78-8266-422bf3fed8d0}</UniqueIdentifier>
    </Filter>
    <Filter Include="gamesystem\actor\Editor">
      <UniqueIdentifier>{85768e82-404b-4006-8830-94be69724e06}</UniqueIdentifier>
    </Filter>
    <Filter Include="gamesystem\charactor">
      <UniqueIdentifier>{a5258f31-e579-4fec-90bb-f219e9bc837e}</UniqueIdentifier>
    </Filter>
    <Filter Include="gamesystem\charactor\Enemy">
      <UniqueIdentifier>{d0ed1f2d-916a-446f-9c30-096aa67c95af}</UniqueIdentifier>
    </Filter>
    <Filter Include="gamesystem\charactor\Enemy\Base">
      <UniqueIdentifier>{b2050d0c-0b32-4a36-a63c-681f0585db9b}</UniqueIdentifier>
    </Filter>
    <Filter Include="gamesystem\charactor\Boss">
      <UniqueIdentifier>{81775484-798e-46ec-ac44-82d84b1001c4}</UniqueIdentifier>
    </Filter>
    <Filter Include="gamesystem\charactor\Player">
      <UniqueIdentifier>{67cc1ef3-c531-4952-b181-9f7044af6c4a}</UniqueIdentifier>
    </Filter>
    <Filter Include="gamesystem\actor\Tutorial">
      <UniqueIdentifier>{4654ff1e-0f15-48f3-b61d-9335e76f4bcc}</UniqueIdentifier>
    </Filter>
    <Filter Include="Shader">
      <UniqueIdentifier>{5157e7cf-15cd-4c09-bd21-31621f90b40b}</UniqueIdentifier>
    </Filter>
    <Filter Include="Shader\2d">
      <UniqueIdentifier>{5ae64bb2-d148-41de-b2a8-1b9bba50e689}</UniqueIdentifier>
    </Filter>
    <Filter Include="Shader\3d">
      <UniqueIdentifier>{326306b9-9557-4886-9d61-f921d6badc29}</UniqueIdentifier>
    </Filter>
    <Filter Include="engine\2d\Sprite">
      <UniqueIdentifier>{f6087c89-99cb-48ff-9f18-bad9e46288d7}</UniqueIdentifier>
    </Filter>
    <Filter Include="engine\2d\Texture">
      <UniqueIdentifier>{a757e3ae-501b-46f3-b31a-0263bcfd2252}</UniqueIdentifier>
    </Filter>
    <Filter Include="engine\2d\Text">
      <UniqueIdentifier>{a623d130-30b9-4dc4-afdd-a779186d5c55}</UniqueIdentifier>
    </Filter>
    <Filter Include="engine\2d\PostEffect">
      <UniqueIdentifier>{85600317-d81b-41d8-b573-6151f83a2f80}</UniqueIdentifier>
    </Filter>
    <Filter Include="gamesystem\Text">
      <UniqueIdentifier>{6b589362-730f-4fb1-bae8-d3a3afeff414}</UniqueIdentifier>
    </Filter>
    <Filter Include="gamesystem\charactor\Boss\Text">
      <UniqueIdentifier>{09ec16d5-a106-4dae-a612-3fe4d8dcfa6b}</UniqueIdentifier>
    </Filter>
    <Filter Include="gamesystem\charactor\Boss\Base">
      <UniqueIdentifier>{cddcc7b5-f579-4ffb-bf7a-fc05ad2ee680}</UniqueIdentifier>
    </Filter>
    <Filter Include="gamesystem\actor\FIve">
      <UniqueIdentifier>{b0e3bb02-22cb-4239-89d0-e8233ddb1940}</UniqueIdentifier>
    </Filter>
    <Filter Include="gamesystem\actor\EndRoll">
      <UniqueIdentifier>{5b69fce5-8103-43e3-9b8f-575410ec7418}</UniqueIdentifier>
    </Filter>
    <Filter Include="gamesystem\scene">
      <UniqueIdentifier>{88dffa51-41c6-421c-ae0e-d8f4ba011bb3}</UniqueIdentifier>
    </Filter>
    <Filter Include="gamesystem\scene\Tutorial">
      <UniqueIdentifier>{40fae6cc-723f-427e-8439-66617f5c0615}</UniqueIdentifier>
    </Filter>
    <Filter Include="gamesystem\scene\Clear">
      <UniqueIdentifier>{836dd921-f6f8-4000-addf-b66663142475}</UniqueIdentifier>
    </Filter>
    <Filter Include="gamesystem\scene\Load">
      <UniqueIdentifier>{47055e9e-6cba-47a1-b497-d0672c56b841}</UniqueIdentifier>
    </Filter>
    <Filter Include="gamesystem\scene\Base">
      <UniqueIdentifier>{9e1f5803-f387-4e10-a4d7-972a5705d5d7}</UniqueIdentifier>
    </Filter>
    <Filter Include="gamesystem\scene\Base\Framework">
      <UniqueIdentifier>{d99bcb95-18d3-4b65-9d94-542bc0b0bd94}</UniqueIdentifier>
    </Filter>
    <Filter Include="gamesystem\scene\Play">
      <UniqueIdentifier>{888ff33b-a6a2-41a2-8358-dcc9d4477e5f}</UniqueIdentifier>
    </Filter>
    <Filter Include="gamesystem\scene\Play\First">
      <UniqueIdentifier>{a4f89e05-04e6-49a8-918a-b14a5ea09be7}</UniqueIdentifier>
    </Filter>
    <Filter Include="gamesystem\scene\GameOver">
      <UniqueIdentifier>{8340f8aa-fee7-47d7-9c77-10fd67ad1f22}</UniqueIdentifier>
    </Filter>
    <Filter Include="gamesystem\scene\EndRoll">
      <UniqueIdentifier>{cc3076ca-66ef-4952-b4dc-38fbeb169a69}</UniqueIdentifier>
    </Filter>
    <Filter Include="gamesystem\scenetext">
      <UniqueIdentifier>{9eaf1084-af68-4c0b-ae15-27a98f530e85}</UniqueIdentifier>
    </Filter>
    <Filter Include="gamesystem\scenetext\Title">
      <UniqueIdentifier>{459fc31c-7be8-4acf-96da-257822af3bfd}</UniqueIdentifier>
    </Filter>
    <Filter Include="gamesystem\charactor\Enemy\Other">
      <UniqueIdentifier>{1ffa4f48-0455-458c-b71a-9647e9a620dc}</UniqueIdentifier>
    </Filter>
  </ItemGroup>
  <ItemGroup>
    <ResourceCompile Include="Kotodama.rc" />
  </ItemGroup>
  <ItemGroup>
    <Image Include="Resources\2d\objicon\Kotodama.ico" />
  </ItemGroup>
</Project>